
Microsoft Visual Studio Solution File, Format Version 12.00
# Visual Studio 2012
Project("{FAE04EC0-301F-11D3-BF4B-00C04F79EFBC}") = "GraphVis", "GraphVis\GraphVis.csproj", "{EF7C2F3B-F46F-4823-810F-C36DCF857326}"
EndProject
Project("{FAE04EC0-301F-11D3-BF4B-00C04F79EFBC}") = "Fusion.VideoStreaming", "Fusion.VideoStreaming\Fusion.VideoStreaming.csproj", "{94362294-FA90-4211-8A77-C343CF762315}"
EndProject
Project("{FAE04EC0-301F-11D3-BF4B-00C04F79EFBC}") = "Minesweeper", "Minesweeper\Minesweeper.csproj", "{15C1D397-D459-45F1-B97B-4DDA606C1251}"
EndProject
Global
	GlobalSection(SolutionConfigurationPlatforms) = preSolution
		Debug|Any CPU = Debug|Any CPU
		Debug|Mixed Platforms = Debug|Mixed Platforms
		Debug|x64 = Debug|x64
		Release|Any CPU = Release|Any CPU
		Release|Mixed Platforms = Release|Mixed Platforms
		Release|x64 = Release|x64
	EndGlobalSection
	GlobalSection(ProjectConfigurationPlatforms) = postSolution
		{EF7C2F3B-F46F-4823-810F-C36DCF857326}.Debug|Any CPU.ActiveCfg = Debug|Any CPU
		{EF7C2F3B-F46F-4823-810F-C36DCF857326}.Debug|Any CPU.Build.0 = Debug|Any CPU
		{EF7C2F3B-F46F-4823-810F-C36DCF857326}.Debug|Mixed Platforms.ActiveCfg = Debug|Any CPU
		{EF7C2F3B-F46F-4823-810F-C36DCF857326}.Debug|Mixed Platforms.Build.0 = Debug|Any CPU
		{EF7C2F3B-F46F-4823-810F-C36DCF857326}.Debug|x64.ActiveCfg = Debug|Any CPU
		{EF7C2F3B-F46F-4823-810F-C36DCF857326}.Debug|x64.Build.0 = Debug|Any CPU
		{EF7C2F3B-F46F-4823-810F-C36DCF857326}.Release|Any CPU.ActiveCfg = Release|Any CPU
		{EF7C2F3B-F46F-4823-810F-C36DCF857326}.Release|Any CPU.Build.0 = Release|Any CPU
		{EF7C2F3B-F46F-4823-810F-C36DCF857326}.Release|Mixed Platforms.ActiveCfg = Release|Any CPU
		{EF7C2F3B-F46F-4823-810F-C36DCF857326}.Release|Mixed Platforms.Build.0 = Release|Any CPU
		{EF7C2F3B-F46F-4823-810F-C36DCF857326}.Release|x64.ActiveCfg = Release|Any CPU
		{EF7C2F3B-F46F-4823-810F-C36DCF857326}.Release|x64.Build.0 = Release|Any CPU
		{94362294-FA90-4211-8A77-C343CF762315}.Debug|Any CPU.ActiveCfg = Debug|Any CPU
		{94362294-FA90-4211-8A77-C343CF762315}.Debug|Any CPU.Build.0 = Debug|Any CPU
		{94362294-FA90-4211-8A77-C343CF762315}.Debug|Mixed Platforms.ActiveCfg = Debug|Any CPU
		{94362294-FA90-4211-8A77-C343CF762315}.Debug|Mixed Platforms.Build.0 = Debug|Any CPU
		{94362294-FA90-4211-8A77-C343CF762315}.Debug|x64.ActiveCfg = Debug|Any CPU
		{94362294-FA90-4211-8A77-C343CF762315}.Release|Any CPU.ActiveCfg = Release|Any CPU
		{94362294-FA90-4211-8A77-C343CF762315}.Release|Any CPU.Build.0 = Release|Any CPU
		{94362294-FA90-4211-8A77-C343CF762315}.Release|Mixed Platforms.ActiveCfg = Release|Any CPU
		{94362294-FA90-4211-8A77-C343CF762315}.Release|Mixed Platforms.Build.0 = Release|Any CPU
		{94362294-FA90-4211-8A77-C343CF762315}.Release|x64.ActiveCfg = Release|Any CPU
		{15C1D397-D459-45F1-B97B-4DDA606C1251}.Debug|Any CPU.ActiveCfg = Debug|x64
		{15C1D397-D459-45F1-B97B-4DDA606C1251}.Debug|Mixed Platforms.ActiveCfg = Debug|x64
		{15C1D397-D459-45F1-B97B-4DDA606C1251}.Debug|Mixed Platforms.Build.0 = Debug|x64
		{15C1D397-D459-45F1-B97B-4DDA606C1251}.Debug|x64.ActiveCfg = Debug|x64
		{15C1D397-D459-45F1-B97B-4DDA606C1251}.Debug|x64.Build.0 = Debug|x64
		{15C1D397-D459-45F1-B97B-4DDA606C1251}.Release|Any CPU.ActiveCfg = Release|x64
		{15C1D397-D459-45F1-B97B-4DDA606C1251}.Release|Mixed Platforms.ActiveCfg = Release|x64
		{15C1D397-D459-45F1-B97B-4DDA606C1251}.Release|Mixed Platforms.Build.0 = Release|x64
		{15C1D397-D459-45F1-B97B-4DDA606C1251}.Release|x64.ActiveCfg = Release|x64
		{15C1D397-D459-45F1-B97B-4DDA606C1251}.Release|x64.Build.0 = Release|x64
	EndGlobalSection
	GlobalSection(SolutionProperties) = preSolution
		HideSolutionNode = FALSE
	EndGlobalSection
EndGlobal
