
Microsoft Visual Studio Solution File, Format Version 12.00
# Visual Studio 2012
Project("{FAE04EC0-301F-11D3-BF4B-00C04F79EFBC}") = "Minesweeper", "Minesweeper\Minesweeper.csproj", "{15C1D397-D459-45F1-B97B-4DDA606C1251}"
EndProject
Project("{FAE04EC0-301F-11D3-BF4B-00C04F79EFBC}") = "Fusion.VideoStreaming", "Fusion.VideoStreaming\Fusion.VideoStreaming.csproj", "{5E2B0E03-3FAA-4ADD-AEC4-361CC1B1AC44}"
EndProject
Global
	GlobalSection(SolutionConfigurationPlatforms) = preSolution
		Debug|Any CPU = Debug|Any CPU
		Debug|Mixed Platforms = Debug|Mixed Platforms
		Debug|x64 = Debug|x64
		Release|Any CPU = Release|Any CPU
		Release|Mixed Platforms = Release|Mixed Platforms
		Release|x64 = Release|x64
	EndGlobalSection
	GlobalSection(ProjectConfigurationPlatforms) = postSolution
		{15C1D397-D459-45F1-B97B-4DDA606C1251}.Debug|Any CPU.ActiveCfg = Debug|x64
		{15C1D397-D459-45F1-B97B-4DDA606C1251}.Debug|Mixed Platforms.ActiveCfg = Debug|x64
		{15C1D397-D459-45F1-B97B-4DDA606C1251}.Debug|Mixed Platforms.Build.0 = Debug|x64
		{15C1D397-D459-45F1-B97B-4DDA606C1251}.Debug|x64.ActiveCfg = Debug|x64
		{15C1D397-D459-45F1-B97B-4DDA606C1251}.Debug|x64.Build.0 = Debug|x64
		{15C1D397-D459-45F1-B97B-4DDA606C1251}.Release|Any CPU.ActiveCfg = Release|x64
		{15C1D397-D459-45F1-B97B-4DDA606C1251}.Release|Mixed Platforms.ActiveCfg = Release|x64
		{15C1D397-D459-45F1-B97B-4DDA606C1251}.Release|Mixed Platforms.Build.0 = Release|x64
		{15C1D397-D459-45F1-B97B-4DDA606C1251}.Release|x64.ActiveCfg = Release|x64
		{15C1D397-D459-45F1-B97B-4DDA606C1251}.Release|x64.Build.0 = Release|x64
		{5E2B0E03-3FAA-4ADD-AEC4-361CC1B1AC44}.Debug|Any CPU.ActiveCfg = Debug|Any CPU
		{5E2B0E03-3FAA-4ADD-AEC4-361CC1B1AC44}.Debug|Any CPU.Build.0 = Debug|Any CPU
		{5E2B0E03-3FAA-4ADD-AEC4-361CC1B1AC44}.Debug|Mixed Platforms.ActiveCfg = Debug|Any CPU
		{5E2B0E03-3FAA-4ADD-AEC4-361CC1B1AC44}.Debug|Mixed Platforms.Build.0 = Debug|Any CPU
		{5E2B0E03-3FAA-4ADD-AEC4-361CC1B1AC44}.Debug|x64.ActiveCfg = Debug|Any CPU
		{5E2B0E03-3FAA-4ADD-AEC4-361CC1B1AC44}.Release|Any CPU.ActiveCfg = Release|Any CPU
		{5E2B0E03-3FAA-4ADD-AEC4-361CC1B1AC44}.Release|Any CPU.Build.0 = Release|Any CPU
		{5E2B0E03-3FAA-4ADD-AEC4-361CC1B1AC44}.Release|Mixed Platforms.ActiveCfg = Release|Any CPU
		{5E2B0E03-3FAA-4ADD-AEC4-361CC1B1AC44}.Release|Mixed Platforms.Build.0 = Release|Any CPU
		{5E2B0E03-3FAA-4ADD-AEC4-361CC1B1AC44}.Release|x64.ActiveCfg = Release|Any CPU
		{21080F91-3CCF-4B95-87EA-11239E1167B8}.Debug|Any CPU.ActiveCfg = Debug|Any CPU
		{21080F91-3CCF-4B95-87EA-11239E1167B8}.Debug|Any CPU.Build.0 = Debug|Any CPU
		{21080F91-3CCF-4B95-87EA-11239E1167B8}.Debug|Mixed Platforms.ActiveCfg = Debug|Any CPU
		{21080F91-3CCF-4B95-87EA-11239E1167B8}.Debug|Mixed Platforms.Build.0 = Debug|Any CPU
		{21080F91-3CCF-4B95-87EA-11239E1167B8}.Debug|x64.ActiveCfg = Debug|Any CPU
		{21080F91-3CCF-4B95-87EA-11239E1167B8}.Release|Any CPU.ActiveCfg = Release|Any CPU
		{21080F91-3CCF-4B95-87EA-11239E1167B8}.Release|Any CPU.Build.0 = Release|Any CPU
		{21080F91-3CCF-4B95-87EA-11239E1167B8}.Release|Mixed Platforms.ActiveCfg = Release|Any CPU
		{21080F91-3CCF-4B95-87EA-11239E1167B8}.Release|Mixed Platforms.Build.0 = Release|Any CPU
		{21080F91-3CCF-4B95-87EA-11239E1167B8}.Release|x64.ActiveCfg = Release|Any CPU
	EndGlobalSection
	GlobalSection(SolutionProperties) = preSolution
		HideSolutionNode = FALSE
	EndGlobalSection
EndGlobal
